
Microsoft Visual Studio Solution File, Format Version 12.00
# Visual Studio Version 17
VisualStudioVersion = 17.5.33516.290
MinimumVisualStudioVersion = 10.0.40219.1
Project("{FAE04EC0-301F-11D3-BF4B-00C04F79EFBC}") = "BUV_LMS_TEST", "BUV_LMS_TEST\BUV_LMS_TEST.csproj", "{CCF1720E-046D-4E2D-BCE3-6F544095C1FE}"
EndProject
Global
	GlobalSection(SolutionConfigurationPlatforms) = preSolution
		Debug|Any CPU = Debug|Any CPU
		Release|Any CPU = Release|Any CPU
	EndGlobalSection
	GlobalSection(ProjectConfigurationPlatforms) = postSolution
		{CCF1720E-046D-4E2D-BCE3-6F544095C1FE}.Debug|Any CPU.ActiveCfg = Debug|Any CPU
		{CCF1720E-046D-4E2D-BCE3-6F544095C1FE}.Debug|Any CPU.Build.0 = Debug|Any CPU
		{CCF1720E-046D-4E2D-BCE3-6F544095C1FE}.Release|Any CPU.ActiveCfg = Release|Any CPU
		{CCF1720E-046D-4E2D-BCE3-6F544095C1FE}.Release|Any CPU.Build.0 = Release|Any CPU
	EndGlobalSection
	GlobalSection(SolutionProperties) = preSolution
		HideSolutionNode = FALSE
	EndGlobalSection
	GlobalSection(ExtensibilityGlobals) = postSolution
		SolutionGuid = {7A617A3F-A9E0-4737-9695-397C9C3FEC74}
	EndGlobalSection
EndGlobal
